// !$*UTF8*$!
{
	archiveVersion = 1;
	classes = {
	};
	objectVersion = 77;
	objects = {

/* Begin PBXBuildFile section */
		F3876E572DD19DC5009D8464 /* OSCKit in Frameworks */ = {isa = PBXBuildFile; productRef = F3876E562DD19DC5009D8464 /* OSCKit */; };
		F3876E592DD19DC5009D8464 /* OSCKitCore in Frameworks */ = {isa = PBXBuildFile; productRef = F3876E582DD19DC5009D8464 /* OSCKitCore */; };
		F3876E962DD1B375009D8464 /* ShimmerVRCWatch Watch App.app in Embed Watch Content */ = {isa = PBXBuildFile; fileRef = F3876E762DD1B373009D8464 /* ShimmerVRCWatch Watch App.app */; settings = {ATTRIBUTES = (RemoveHeadersOnCopy, ); }; };
/* End PBXBuildFile section */

/* Begin PBXContainerItemProxy section */
		F3876E112DD12C81009D8464 /* PBXContainerItemProxy */ = {
			isa = PBXContainerItemProxy;
			containerPortal = F3876DFB2DD12C7F009D8464 /* Project object */;
			proxyType = 1;
			remoteGlobalIDString = F3876E022DD12C7F009D8464;
			remoteInfo = ShimmerVRC;
		};
		F3876E1B2DD12C81009D8464 /* PBXContainerItemProxy */ = {
			isa = PBXContainerItemProxy;
			containerPortal = F3876DFB2DD12C7F009D8464 /* Project object */;
			proxyType = 1;
			remoteGlobalIDString = F3876E022DD12C7F009D8464;
			remoteInfo = ShimmerVRC;
		};
		F3876E832DD1B375009D8464 /* PBXContainerItemProxy */ = {
			isa = PBXContainerItemProxy;
			containerPortal = F3876DFB2DD12C7F009D8464 /* Project object */;
			proxyType = 1;
			remoteGlobalIDString = F3876E752DD1B373009D8464;
			remoteInfo = "ShimmerVRCWatch Watch App";
		};
		F3876E8D2DD1B375009D8464 /* PBXContainerItemProxy */ = {
			isa = PBXContainerItemProxy;
			containerPortal = F3876DFB2DD12C7F009D8464 /* Project object */;
			proxyType = 1;
			remoteGlobalIDString = F3876E752DD1B373009D8464;
			remoteInfo = "ShimmerVRCWatch Watch App";
		};
		F3876E942DD1B375009D8464 /* PBXContainerItemProxy */ = {
			isa = PBXContainerItemProxy;
			containerPortal = F3876DFB2DD12C7F009D8464 /* Project object */;
			proxyType = 1;
			remoteGlobalIDString = F3876E752DD1B373009D8464;
			remoteInfo = "ShimmerVRCWatch Watch App";
		};
/* End PBXContainerItemProxy section */

/* Begin PBXCopyFilesBuildPhase section */
		F3876E9A2DD1B375009D8464 /* Embed Watch Content */ = {
			isa = PBXCopyFilesBuildPhase;
			buildActionMask = 2147483647;
			dstPath = "$(CONTENTS_FOLDER_PATH)/Watch";
			dstSubfolderSpec = 16;
			files = (
				F3876E962DD1B375009D8464 /* ShimmerVRCWatch Watch App.app in Embed Watch Content */,
			);
			name = "Embed Watch Content";
			runOnlyForDeploymentPostprocessing = 0;
		};
/* End PBXCopyFilesBuildPhase section */

/* Begin PBXFileReference section */
		F3876E032DD12C7F009D8464 /* ShimmerVRC.app */ = {isa = PBXFileReference; explicitFileType = wrapper.application; includeInIndex = 0; path = ShimmerVRC.app; sourceTree = BUILT_PRODUCTS_DIR; };
		F3876E102DD12C81009D8464 /* ShimmerVRCTests.xctest */ = {isa = PBXFileReference; explicitFileType = wrapper.cfbundle; includeInIndex = 0; path = ShimmerVRCTests.xctest; sourceTree = BUILT_PRODUCTS_DIR; };
		F3876E1A2DD12C81009D8464 /* ShimmerVRCUITests.xctest */ = {isa = PBXFileReference; explicitFileType = wrapper.cfbundle; includeInIndex = 0; path = ShimmerVRCUITests.xctest; sourceTree = BUILT_PRODUCTS_DIR; };
		F3876E762DD1B373009D8464 /* ShimmerVRCWatch Watch App.app */ = {isa = PBXFileReference; explicitFileType = wrapper.application; includeInIndex = 0; path = "ShimmerVRCWatch Watch App.app"; sourceTree = BUILT_PRODUCTS_DIR; };
		F3876E822DD1B375009D8464 /* ShimmerVRCWatch Watch AppTests.xctest */ = {isa = PBXFileReference; explicitFileType = wrapper.cfbundle; includeInIndex = 0; path = "ShimmerVRCWatch Watch AppTests.xctest"; sourceTree = BUILT_PRODUCTS_DIR; };
		F3876E8C2DD1B375009D8464 /* ShimmerVRCWatch Watch AppUITests.xctest */ = {isa = PBXFileReference; explicitFileType = wrapper.cfbundle; includeInIndex = 0; path = "ShimmerVRCWatch Watch AppUITests.xctest"; sourceTree = BUILT_PRODUCTS_DIR; };
/* End PBXFileReference section */

/* Begin PBXFileSystemSynchronizedBuildFileExceptionSet section */
		F3876E6D2DD1A1EA009D8464 /* Exceptions for "ShimmerVRC" folder in "ShimmerVRC" target */ = {
			isa = PBXFileSystemSynchronizedBuildFileExceptionSet;
			membershipExceptions = (
				Info.plist,
			);
			target = F3876E022DD12C7F009D8464 /* ShimmerVRC */;
		};
/* End PBXFileSystemSynchronizedBuildFileExceptionSet section */

/* Begin PBXFileSystemSynchronizedRootGroup section */
		F3876E052DD12C7F009D8464 /* ShimmerVRC */ = {
			isa = PBXFileSystemSynchronizedRootGroup;
			exceptions = (
				F3876E6D2DD1A1EA009D8464 /* Exceptions for "ShimmerVRC" folder in "ShimmerVRC" target */,
			);
			path = ShimmerVRC;
			sourceTree = "<group>";
		};
		F3876E132DD12C81009D8464 /* ShimmerVRCTests */ = {
			isa = PBXFileSystemSynchronizedRootGroup;
			path = ShimmerVRCTests;
			sourceTree = "<group>";
		};
		F3876E1D2DD12C81009D8464 /* ShimmerVRCUITests */ = {
			isa = PBXFileSystemSynchronizedRootGroup;
			path = ShimmerVRCUITests;
			sourceTree = "<group>";
		};
		F3876E772DD1B373009D8464 /* ShimmerVRCWatch Watch App */ = {
			isa = PBXFileSystemSynchronizedRootGroup;
			path = "ShimmerVRCWatch Watch App";
			sourceTree = "<group>";
		};
		F3876E852DD1B375009D8464 /* ShimmerVRCWatch Watch AppTests */ = {
			isa = PBXFileSystemSynchronizedRootGroup;
			path = "ShimmerVRCWatch Watch AppTests";
			sourceTree = "<group>";
		};
		F3876E8F2DD1B375009D8464 /* ShimmerVRCWatch Watch AppUITests */ = {
			isa = PBXFileSystemSynchronizedRootGroup;
			path = "ShimmerVRCWatch Watch AppUITests";
			sourceTree = "<group>";
		};
/* End PBXFileSystemSynchronizedRootGroup section */

/* Begin PBXFrameworksBuildPhase section */
		F3876E002DD12C7F009D8464 /* Frameworks */ = {
			isa = PBXFrameworksBuildPhase;
			buildActionMask = 2147483647;
			files = (
				F3876E592DD19DC5009D8464 /* OSCKitCore in Frameworks */,
				F3876E572DD19DC5009D8464 /* OSCKit in Frameworks */,
			);
			runOnlyForDeploymentPostprocessing = 0;
		};
		F3876E0D2DD12C81009D8464 /* Frameworks */ = {
			isa = PBXFrameworksBuildPhase;
			buildActionMask = 2147483647;
			files = (
			);
			runOnlyForDeploymentPostprocessing = 0;
		};
		F3876E172DD12C81009D8464 /* Frameworks */ = {
			isa = PBXFrameworksBuildPhase;
			buildActionMask = 2147483647;
			files = (
			);
			runOnlyForDeploymentPostprocessing = 0;
		};
		F3876E732DD1B373009D8464 /* Frameworks */ = {
			isa = PBXFrameworksBuildPhase;
			buildActionMask = 2147483647;
			files = (
			);
			runOnlyForDeploymentPostprocessing = 0;
		};
		F3876E7F2DD1B375009D8464 /* Frameworks */ = {
			isa = PBXFrameworksBuildPhase;
			buildActionMask = 2147483647;
			files = (
			);
			runOnlyForDeploymentPostprocessing = 0;
		};
		F3876E892DD1B375009D8464 /* Frameworks */ = {
			isa = PBXFrameworksBuildPhase;
			buildActionMask = 2147483647;
			files = (
			);
			runOnlyForDeploymentPostprocessing = 0;
		};
/* End PBXFrameworksBuildPhase section */

/* Begin PBXGroup section */
		F3876DFA2DD12C7F009D8464 = {
			isa = PBXGroup;
			children = (
				F3876E052DD12C7F009D8464 /* ShimmerVRC */,
				F3876E132DD12C81009D8464 /* ShimmerVRCTests */,
				F3876E1D2DD12C81009D8464 /* ShimmerVRCUITests */,
				F3876E772DD1B373009D8464 /* ShimmerVRCWatch Watch App */,
				F3876E852DD1B375009D8464 /* ShimmerVRCWatch Watch AppTests */,
				F3876E8F2DD1B375009D8464 /* ShimmerVRCWatch Watch AppUITests */,
				F3876E042DD12C7F009D8464 /* Products */,
			);
			sourceTree = "<group>";
		};
		F3876E042DD12C7F009D8464 /* Products */ = {
			isa = PBXGroup;
			children = (
				F3876E032DD12C7F009D8464 /* ShimmerVRC.app */,
				F3876E102DD12C81009D8464 /* ShimmerVRCTests.xctest */,
				F3876E1A2DD12C81009D8464 /* ShimmerVRCUITests.xctest */,
				F3876E762DD1B373009D8464 /* ShimmerVRCWatch Watch App.app */,
				F3876E822DD1B375009D8464 /* ShimmerVRCWatch Watch AppTests.xctest */,
				F3876E8C2DD1B375009D8464 /* ShimmerVRCWatch Watch AppUITests.xctest */,
			);
			name = Products;
			sourceTree = "<group>";
		};
/* End PBXGroup section */

/* Begin PBXNativeTarget section */
		F3876E022DD12C7F009D8464 /* ShimmerVRC */ = {
			isa = PBXNativeTarget;
			buildConfigurationList = F3876E242DD12C81009D8464 /* Build configuration list for PBXNativeTarget "ShimmerVRC" */;
			buildPhases = (
				F3876DFF2DD12C7F009D8464 /* Sources */,
				F3876E002DD12C7F009D8464 /* Frameworks */,
				F3876E012DD12C7F009D8464 /* Resources */,
				F3876E9A2DD1B375009D8464 /* Embed Watch Content */,
			);
			buildRules = (
			);
			dependencies = (
				F3876E952DD1B375009D8464 /* PBXTargetDependency */,
			);
			fileSystemSynchronizedGroups = (
				F3876E052DD12C7F009D8464 /* ShimmerVRC */,
			);
			name = ShimmerVRC;
			packageProductDependencies = (
				F3876E562DD19DC5009D8464 /* OSCKit */,
				F3876E582DD19DC5009D8464 /* OSCKitCore */,
			);
			productName = ShimmerVRC;
			productReference = F3876E032DD12C7F009D8464 /* ShimmerVRC.app */;
			productType = "com.apple.product-type.application";
		};
		F3876E0F2DD12C81009D8464 /* ShimmerVRCTests */ = {
			isa = PBXNativeTarget;
			buildConfigurationList = F3876E272DD12C81009D8464 /* Build configuration list for PBXNativeTarget "ShimmerVRCTests" */;
			buildPhases = (
				F3876E0C2DD12C81009D8464 /* Sources */,
				F3876E0D2DD12C81009D8464 /* Frameworks */,
				F3876E0E2DD12C81009D8464 /* Resources */,
			);
			buildRules = (
			);
			dependencies = (
				F3876E122DD12C81009D8464 /* PBXTargetDependency */,
			);
			fileSystemSynchronizedGroups = (
				F3876E132DD12C81009D8464 /* ShimmerVRCTests */,
			);
			name = ShimmerVRCTests;
			packageProductDependencies = (
			);
			productName = ShimmerVRCTests;
			productReference = F3876E102DD12C81009D8464 /* ShimmerVRCTests.xctest */;
			productType = "com.apple.product-type.bundle.unit-test";
		};
		F3876E192DD12C81009D8464 /* ShimmerVRCUITests */ = {
			isa = PBXNativeTarget;
			buildConfigurationList = F3876E2A2DD12C81009D8464 /* Build configuration list for PBXNativeTarget "ShimmerVRCUITests" */;
			buildPhases = (
				F3876E162DD12C81009D8464 /* Sources */,
				F3876E172DD12C81009D8464 /* Frameworks */,
				F3876E182DD12C81009D8464 /* Resources */,
			);
			buildRules = (
			);
			dependencies = (
				F3876E1C2DD12C81009D8464 /* PBXTargetDependency */,
			);
			fileSystemSynchronizedGroups = (
				F3876E1D2DD12C81009D8464 /* ShimmerVRCUITests */,
			);
			name = ShimmerVRCUITests;
			packageProductDependencies = (
			);
			productName = ShimmerVRCUITests;
			productReference = F3876E1A2DD12C81009D8464 /* ShimmerVRCUITests.xctest */;
			productType = "com.apple.product-type.bundle.ui-testing";
		};
		F3876E752DD1B373009D8464 /* ShimmerVRCWatch Watch App */ = {
			isa = PBXNativeTarget;
			buildConfigurationList = F3876E972DD1B375009D8464 /* Build configuration list for PBXNativeTarget "ShimmerVRCWatch Watch App" */;
			buildPhases = (
				F3876E722DD1B373009D8464 /* Sources */,
				F3876E732DD1B373009D8464 /* Frameworks */,
				F3876E742DD1B373009D8464 /* Resources */,
			);
			buildRules = (
			);
			dependencies = (
			);
			fileSystemSynchronizedGroups = (
				F3876E772DD1B373009D8464 /* ShimmerVRCWatch Watch App */,
			);
			name = "ShimmerVRCWatch Watch App";
			packageProductDependencies = (
			);
			productName = "ShimmerVRCWatch Watch App";
			productReference = F3876E762DD1B373009D8464 /* ShimmerVRCWatch Watch App.app */;
			productType = "com.apple.product-type.application";
		};
		F3876E812DD1B375009D8464 /* ShimmerVRCWatch Watch AppTests */ = {
			isa = PBXNativeTarget;
			buildConfigurationList = F3876E9B2DD1B375009D8464 /* Build configuration list for PBXNativeTarget "ShimmerVRCWatch Watch AppTests" */;
			buildPhases = (
				F3876E7E2DD1B375009D8464 /* Sources */,
				F3876E7F2DD1B375009D8464 /* Frameworks */,
				F3876E802DD1B375009D8464 /* Resources */,
			);
			buildRules = (
			);
			dependencies = (
				F3876E842DD1B375009D8464 /* PBXTargetDependency */,
			);
			fileSystemSynchronizedGroups = (
				F3876E852DD1B375009D8464 /* ShimmerVRCWatch Watch AppTests */,
			);
			name = "ShimmerVRCWatch Watch AppTests";
			packageProductDependencies = (
			);
			productName = "ShimmerVRCWatch Watch AppTests";
			productReference = F3876E822DD1B375009D8464 /* ShimmerVRCWatch Watch AppTests.xctest */;
			productType = "com.apple.product-type.bundle.unit-test";
		};
		F3876E8B2DD1B375009D8464 /* ShimmerVRCWatch Watch AppUITests */ = {
			isa = PBXNativeTarget;
			buildConfigurationList = F3876E9E2DD1B375009D8464 /* Build configuration list for PBXNativeTarget "ShimmerVRCWatch Watch AppUITests" */;
			buildPhases = (
				F3876E882DD1B375009D8464 /* Sources */,
				F3876E892DD1B375009D8464 /* Frameworks */,
				F3876E8A2DD1B375009D8464 /* Resources */,
			);
			buildRules = (
			);
			dependencies = (
				F3876E8E2DD1B375009D8464 /* PBXTargetDependency */,
			);
			fileSystemSynchronizedGroups = (
				F3876E8F2DD1B375009D8464 /* ShimmerVRCWatch Watch AppUITests */,
			);
			name = "ShimmerVRCWatch Watch AppUITests";
			packageProductDependencies = (
			);
			productName = "ShimmerVRCWatch Watch AppUITests";
			productReference = F3876E8C2DD1B375009D8464 /* ShimmerVRCWatch Watch AppUITests.xctest */;
			productType = "com.apple.product-type.bundle.ui-testing";
		};
/* End PBXNativeTarget section */

/* Begin PBXProject section */
		F3876DFB2DD12C7F009D8464 /* Project object */ = {
			isa = PBXProject;
			attributes = {
				BuildIndependentTargetsInParallel = 1;
				LastSwiftUpdateCheck = 1630;
				LastUpgradeCheck = 1630;
				TargetAttributes = {
					F3876E022DD12C7F009D8464 = {
						CreatedOnToolsVersion = 16.3;
					};
					F3876E0F2DD12C81009D8464 = {
						CreatedOnToolsVersion = 16.3;
						TestTargetID = F3876E022DD12C7F009D8464;
					};
					F3876E192DD12C81009D8464 = {
						CreatedOnToolsVersion = 16.3;
						TestTargetID = F3876E022DD12C7F009D8464;
					};
					F3876E752DD1B373009D8464 = {
						CreatedOnToolsVersion = 16.3;
					};
					F3876E812DD1B375009D8464 = {
						CreatedOnToolsVersion = 16.3;
						TestTargetID = F3876E752DD1B373009D8464;
					};
					F3876E8B2DD1B375009D8464 = {
						CreatedOnToolsVersion = 16.3;
						TestTargetID = F3876E752DD1B373009D8464;
					};
				};
			};
			buildConfigurationList = F3876DFE2DD12C7F009D8464 /* Build configuration list for PBXProject "ShimmerVRC" */;
			developmentRegion = en;
			hasScannedForEncodings = 0;
			knownRegions = (
				en,
				Base,
			);
			mainGroup = F3876DFA2DD12C7F009D8464;
			minimizedProjectReferenceProxies = 1;
			packageReferences = (
				F3876E552DD19DC5009D8464 /* XCRemoteSwiftPackageReference "OSCKit" */,
			);
			preferredProjectObjectVersion = 77;
			productRefGroup = F3876E042DD12C7F009D8464 /* Products */;
			projectDirPath = "";
			projectRoot = "";
			targets = (
				F3876E022DD12C7F009D8464 /* ShimmerVRC */,
				F3876E0F2DD12C81009D8464 /* ShimmerVRCTests */,
				F3876E192DD12C81009D8464 /* ShimmerVRCUITests */,
				F3876E752DD1B373009D8464 /* ShimmerVRCWatch Watch App */,
				F3876E812DD1B375009D8464 /* ShimmerVRCWatch Watch AppTests */,
				F3876E8B2DD1B375009D8464 /* ShimmerVRCWatch Watch AppUITests */,
			);
		};
/* End PBXProject section */

/* Begin PBXResourcesBuildPhase section */
		F3876E012DD12C7F009D8464 /* Resources */ = {
			isa = PBXResourcesBuildPhase;
			buildActionMask = 2147483647;
			files = (
			);
			runOnlyForDeploymentPostprocessing = 0;
		};
		F3876E0E2DD12C81009D8464 /* Resources */ = {
			isa = PBXResourcesBuildPhase;
			buildActionMask = 2147483647;
			files = (
			);
			runOnlyForDeploymentPostprocessing = 0;
		};
		F3876E182DD12C81009D8464 /* Resources */ = {
			isa = PBXResourcesBuildPhase;
			buildActionMask = 2147483647;
			files = (
			);
			runOnlyForDeploymentPostprocessing = 0;
		};
		F3876E742DD1B373009D8464 /* Resources */ = {
			isa = PBXResourcesBuildPhase;
			buildActionMask = 2147483647;
			files = (
			);
			runOnlyForDeploymentPostprocessing = 0;
		};
		F3876E802DD1B375009D8464 /* Resources */ = {
			isa = PBXResourcesBuildPhase;
			buildActionMask = 2147483647;
			files = (
			);
			runOnlyForDeploymentPostprocessing = 0;
		};
		F3876E8A2DD1B375009D8464 /* Resources */ = {
			isa = PBXResourcesBuildPhase;
			buildActionMask = 2147483647;
			files = (
			);
			runOnlyForDeploymentPostprocessing = 0;
		};
/* End PBXResourcesBuildPhase section */

/* Begin PBXSourcesBuildPhase section */
		F3876DFF2DD12C7F009D8464 /* Sources */ = {
			isa = PBXSourcesBuildPhase;
			buildActionMask = 2147483647;
			files = (
			);
			runOnlyForDeploymentPostprocessing = 0;
		};
		F3876E0C2DD12C81009D8464 /* Sources */ = {
			isa = PBXSourcesBuildPhase;
			buildActionMask = 2147483647;
			files = (
			);
			runOnlyForDeploymentPostprocessing = 0;
		};
		F3876E162DD12C81009D8464 /* Sources */ = {
			isa = PBXSourcesBuildPhase;
			buildActionMask = 2147483647;
			files = (
			);
			runOnlyForDeploymentPostprocessing = 0;
		};
		F3876E722DD1B373009D8464 /* Sources */ = {
			isa = PBXSourcesBuildPhase;
			buildActionMask = 2147483647;
			files = (
			);
			runOnlyForDeploymentPostprocessing = 0;
		};
		F3876E7E2DD1B375009D8464 /* Sources */ = {
			isa = PBXSourcesBuildPhase;
			buildActionMask = 2147483647;
			files = (
			);
			runOnlyForDeploymentPostprocessing = 0;
		};
		F3876E882DD1B375009D8464 /* Sources */ = {
			isa = PBXSourcesBuildPhase;
			buildActionMask = 2147483647;
			files = (
			);
			runOnlyForDeploymentPostprocessing = 0;
		};
/* End PBXSourcesBuildPhase section */

/* Begin PBXTargetDependency section */
		F3876E122DD12C81009D8464 /* PBXTargetDependency */ = {
			isa = PBXTargetDependency;
			target = F3876E022DD12C7F009D8464 /* ShimmerVRC */;
			targetProxy = F3876E112DD12C81009D8464 /* PBXContainerItemProxy */;
		};
		F3876E1C2DD12C81009D8464 /* PBXTargetDependency */ = {
			isa = PBXTargetDependency;
			target = F3876E022DD12C7F009D8464 /* ShimmerVRC */;
			targetProxy = F3876E1B2DD12C81009D8464 /* PBXContainerItemProxy */;
		};
		F3876E842DD1B375009D8464 /* PBXTargetDependency */ = {
			isa = PBXTargetDependency;
			target = F3876E752DD1B373009D8464 /* ShimmerVRCWatch Watch App */;
			targetProxy = F3876E832DD1B375009D8464 /* PBXContainerItemProxy */;
		};
		F3876E8E2DD1B375009D8464 /* PBXTargetDependency */ = {
			isa = PBXTargetDependency;
			target = F3876E752DD1B373009D8464 /* ShimmerVRCWatch Watch App */;
			targetProxy = F3876E8D2DD1B375009D8464 /* PBXContainerItemProxy */;
		};
		F3876E952DD1B375009D8464 /* PBXTargetDependency */ = {
			isa = PBXTargetDependency;
			target = F3876E752DD1B373009D8464 /* ShimmerVRCWatch Watch App */;
			targetProxy = F3876E942DD1B375009D8464 /* PBXContainerItemProxy */;
		};
/* End PBXTargetDependency section */

/* Begin XCBuildConfiguration section */
		F3876E222DD12C81009D8464 /* Debug */ = {
			isa = XCBuildConfiguration;
			buildSettings = {
				ALWAYS_SEARCH_USER_PATHS = NO;
				ASSETCATALOG_COMPILER_GENERATE_SWIFT_ASSET_SYMBOL_EXTENSIONS = YES;
				CLANG_ANALYZER_NONNULL = YES;
				CLANG_ANALYZER_NUMBER_OBJECT_CONVERSION = YES_AGGRESSIVE;
				CLANG_CXX_LANGUAGE_STANDARD = "gnu++20";
				CLANG_ENABLE_MODULES = YES;
				CLANG_ENABLE_OBJC_ARC = YES;
				CLANG_ENABLE_OBJC_WEAK = YES;
				CLANG_WARN_BLOCK_CAPTURE_AUTORELEASING = YES;
				CLANG_WARN_BOOL_CONVERSION = YES;
				CLANG_WARN_COMMA = YES;
				CLANG_WARN_CONSTANT_CONVERSION = YES;
				CLANG_WARN_DEPRECATED_OBJC_IMPLEMENTATIONS = YES;
				CLANG_WARN_DIRECT_OBJC_ISA_USAGE = YES_ERROR;
				CLANG_WARN_DOCUMENTATION_COMMENTS = YES;
				CLANG_WARN_EMPTY_BODY = YES;
				CLANG_WARN_ENUM_CONVERSION = YES;
				CLANG_WARN_INFINITE_RECURSION = YES;
				CLANG_WARN_INT_CONVERSION = YES;
				CLANG_WARN_NON_LITERAL_NULL_CONVERSION = YES;
				CLANG_WARN_OBJC_IMPLICIT_RETAIN_SELF = YES;
				CLANG_WARN_OBJC_LITERAL_CONVERSION = YES;
				CLANG_WARN_OBJC_ROOT_CLASS = YES_ERROR;
				CLANG_WARN_QUOTED_INCLUDE_IN_FRAMEWORK_HEADER = YES;
				CLANG_WARN_RANGE_LOOP_ANALYSIS = YES;
				CLANG_WARN_STRICT_PROTOTYPES = YES;
				CLANG_WARN_SUSPICIOUS_MOVE = YES;
				CLANG_WARN_UNGUARDED_AVAILABILITY = YES_AGGRESSIVE;
				CLANG_WARN_UNREACHABLE_CODE = YES;
				CLANG_WARN__DUPLICATE_METHOD_MATCH = YES;
				COPY_PHASE_STRIP = NO;
				DEBUG_INFORMATION_FORMAT = dwarf;
				ENABLE_STRICT_OBJC_MSGSEND = YES;
				ENABLE_TESTABILITY = YES;
				ENABLE_USER_SCRIPT_SANDBOXING = YES;
				GCC_C_LANGUAGE_STANDARD = gnu17;
				GCC_DYNAMIC_NO_PIC = NO;
				GCC_NO_COMMON_BLOCKS = YES;
				GCC_OPTIMIZATION_LEVEL = 0;
				GCC_PREPROCESSOR_DEFINITIONS = (
					"DEBUG=1",
					"$(inherited)",
				);
				GCC_WARN_64_TO_32_BIT_CONVERSION = YES;
				GCC_WARN_ABOUT_RETURN_TYPE = YES_ERROR;
				GCC_WARN_UNDECLARED_SELECTOR = YES;
				GCC_WARN_UNINITIALIZED_AUTOS = YES_AGGRESSIVE;
				GCC_WARN_UNUSED_FUNCTION = YES;
				GCC_WARN_UNUSED_VARIABLE = YES;
				IPHONEOS_DEPLOYMENT_TARGET = 18.4;
				LOCALIZATION_PREFERS_STRING_CATALOGS = YES;
				MTL_ENABLE_DEBUG_INFO = INCLUDE_SOURCE;
				MTL_FAST_MATH = YES;
				ONLY_ACTIVE_ARCH = YES;
				SDKROOT = iphoneos;
				SWIFT_ACTIVE_COMPILATION_CONDITIONS = "DEBUG $(inherited)";
				SWIFT_OPTIMIZATION_LEVEL = "-Onone";
			};
			name = Debug;
		};
		F3876E232DD12C81009D8464 /* Release */ = {
			isa = XCBuildConfiguration;
			buildSettings = {
				ALWAYS_SEARCH_USER_PATHS = NO;
				ASSETCATALOG_COMPILER_GENERATE_SWIFT_ASSET_SYMBOL_EXTENSIONS = YES;
				CLANG_ANALYZER_NONNULL = YES;
				CLANG_ANALYZER_NUMBER_OBJECT_CONVERSION = YES_AGGRESSIVE;
				CLANG_CXX_LANGUAGE_STANDARD = "gnu++20";
				CLANG_ENABLE_MODULES = YES;
				CLANG_ENABLE_OBJC_ARC = YES;
				CLANG_ENABLE_OBJC_WEAK = YES;
				CLANG_WARN_BLOCK_CAPTURE_AUTORELEASING = YES;
				CLANG_WARN_BOOL_CONVERSION = YES;
				CLANG_WARN_COMMA = YES;
				CLANG_WARN_CONSTANT_CONVERSION = YES;
				CLANG_WARN_DEPRECATED_OBJC_IMPLEMENTATIONS = YES;
				CLANG_WARN_DIRECT_OBJC_ISA_USAGE = YES_ERROR;
				CLANG_WARN_DOCUMENTATION_COMMENTS = YES;
				CLANG_WARN_EMPTY_BODY = YES;
				CLANG_WARN_ENUM_CONVERSION = YES;
				CLANG_WARN_INFINITE_RECURSION = YES;
				CLANG_WARN_INT_CONVERSION = YES;
				CLANG_WARN_NON_LITERAL_NULL_CONVERSION = YES;
				CLANG_WARN_OBJC_IMPLICIT_RETAIN_SELF = YES;
				CLANG_WARN_OBJC_LITERAL_CONVERSION = YES;
				CLANG_WARN_OBJC_ROOT_CLASS = YES_ERROR;
				CLANG_WARN_QUOTED_INCLUDE_IN_FRAMEWORK_HEADER = YES;
				CLANG_WARN_RANGE_LOOP_ANALYSIS = YES;
				CLANG_WARN_STRICT_PROTOTYPES = YES;
				CLANG_WARN_SUSPICIOUS_MOVE = YES;
				CLANG_WARN_UNGUARDED_AVAILABILITY = YES_AGGRESSIVE;
				CLANG_WARN_UNREACHABLE_CODE = YES;
				CLANG_WARN__DUPLICATE_METHOD_MATCH = YES;
				COPY_PHASE_STRIP = NO;
				DEBUG_INFORMATION_FORMAT = "dwarf-with-dsym";
				ENABLE_NS_ASSERTIONS = NO;
				ENABLE_STRICT_OBJC_MSGSEND = YES;
				ENABLE_USER_SCRIPT_SANDBOXING = YES;
				GCC_C_LANGUAGE_STANDARD = gnu17;
				GCC_NO_COMMON_BLOCKS = YES;
				GCC_WARN_64_TO_32_BIT_CONVERSION = YES;
				GCC_WARN_ABOUT_RETURN_TYPE = YES_ERROR;
				GCC_WARN_UNDECLARED_SELECTOR = YES;
				GCC_WARN_UNINITIALIZED_AUTOS = YES_AGGRESSIVE;
				GCC_WARN_UNUSED_FUNCTION = YES;
				GCC_WARN_UNUSED_VARIABLE = YES;
				IPHONEOS_DEPLOYMENT_TARGET = 18.4;
				LOCALIZATION_PREFERS_STRING_CATALOGS = YES;
				MTL_ENABLE_DEBUG_INFO = NO;
				MTL_FAST_MATH = YES;
				SDKROOT = iphoneos;
				SWIFT_COMPILATION_MODE = wholemodule;
				VALIDATE_PRODUCT = YES;
			};
			name = Release;
		};
		F3876E252DD12C81009D8464 /* Debug */ = {
			isa = XCBuildConfiguration;
			buildSettings = {
				ASSETCATALOG_COMPILER_APPICON_NAME = AppIcon;
				ASSETCATALOG_COMPILER_GLOBAL_ACCENT_COLOR_NAME = AccentColor;
				CODE_SIGN_STYLE = Automatic;
				CURRENT_PROJECT_VERSION = 1;
				DEVELOPMENT_TEAM = 6R36RAZ3HP;
				ENABLE_PREVIEWS = YES;
				GENERATE_INFOPLIST_FILE = YES;
				INFOPLIST_FILE = ShimmerVRC/Info.plist;
				INFOPLIST_KEY_NSLocalNetworkUsageDescription = "Allow streaming heart rate to VRChat.";
				INFOPLIST_KEY_UIApplicationSceneManifest_Generation = YES;
				INFOPLIST_KEY_UIApplicationSupportsIndirectInputEvents = YES;
				INFOPLIST_KEY_UILaunchScreen_Generation = YES;
				INFOPLIST_KEY_UISupportedInterfaceOrientations_iPad = "UIInterfaceOrientationPortrait UIInterfaceOrientationPortraitUpsideDown UIInterfaceOrientationLandscapeLeft UIInterfaceOrientationLandscapeRight";
				INFOPLIST_KEY_UISupportedInterfaceOrientations_iPhone = "UIInterfaceOrientationPortrait UIInterfaceOrientationLandscapeLeft UIInterfaceOrientationLandscapeRight";
				LD_RUNPATH_SEARCH_PATHS = (
					"$(inherited)",
					"@executable_path/Frameworks",
				);
				MARKETING_VERSION = 1.0;
				PRODUCT_BUNDLE_IDENTIFIER = moe.karashiiro.ShimmerVRC;
				PRODUCT_NAME = "$(TARGET_NAME)";
				SWIFT_EMIT_LOC_STRINGS = YES;
				SWIFT_VERSION = 5.0;
				TARGETED_DEVICE_FAMILY = "1,2";
			};
			name = Debug;
		};
		F3876E262DD12C81009D8464 /* Release */ = {
			isa = XCBuildConfiguration;
			buildSettings = {
				ASSETCATALOG_COMPILER_APPICON_NAME = AppIcon;
				ASSETCATALOG_COMPILER_GLOBAL_ACCENT_COLOR_NAME = AccentColor;
				CODE_SIGN_STYLE = Automatic;
				CURRENT_PROJECT_VERSION = 1;
				DEVELOPMENT_TEAM = 6R36RAZ3HP;
				ENABLE_PREVIEWS = YES;
				GENERATE_INFOPLIST_FILE = YES;
				INFOPLIST_FILE = ShimmerVRC/Info.plist;
				INFOPLIST_KEY_NSLocalNetworkUsageDescription = "Allow streaming heart rate to VRChat.";
				INFOPLIST_KEY_UIApplicationSceneManifest_Generation = YES;
				INFOPLIST_KEY_UIApplicationSupportsIndirectInputEvents = YES;
				INFOPLIST_KEY_UILaunchScreen_Generation = YES;
				INFOPLIST_KEY_UISupportedInterfaceOrientations_iPad = "UIInterfaceOrientationPortrait UIInterfaceOrientationPortraitUpsideDown UIInterfaceOrientationLandscapeLeft UIInterfaceOrientationLandscapeRight";
				INFOPLIST_KEY_UISupportedInterfaceOrientations_iPhone = "UIInterfaceOrientationPortrait UIInterfaceOrientationLandscapeLeft UIInterfaceOrientationLandscapeRight";
				LD_RUNPATH_SEARCH_PATHS = (
					"$(inherited)",
					"@executable_path/Frameworks",
				);
				MARKETING_VERSION = 1.0;
				PRODUCT_BUNDLE_IDENTIFIER = moe.karashiiro.ShimmerVRC;
				PRODUCT_NAME = "$(TARGET_NAME)";
				SWIFT_EMIT_LOC_STRINGS = YES;
				SWIFT_VERSION = 5.0;
				TARGETED_DEVICE_FAMILY = "1,2";
			};
			name = Release;
		};
		F3876E282DD12C81009D8464 /* Debug */ = {
			isa = XCBuildConfiguration;
			buildSettings = {
				BUNDLE_LOADER = "$(TEST_HOST)";
				CODE_SIGN_STYLE = Automatic;
				CURRENT_PROJECT_VERSION = 1;
				DEVELOPMENT_TEAM = 6R36RAZ3HP;
				GENERATE_INFOPLIST_FILE = YES;
				IPHONEOS_DEPLOYMENT_TARGET = 18.4;
				MARKETING_VERSION = 1.0;
				PRODUCT_BUNDLE_IDENTIFIER = moe.karashiiro.ShimmerVRCTests;
				PRODUCT_NAME = "$(TARGET_NAME)";
				SWIFT_EMIT_LOC_STRINGS = NO;
				SWIFT_VERSION = 5.0;
				TARGETED_DEVICE_FAMILY = "1,2";
				TEST_HOST = "$(BUILT_PRODUCTS_DIR)/ShimmerVRC.app/$(BUNDLE_EXECUTABLE_FOLDER_PATH)/ShimmerVRC";
			};
			name = Debug;
		};
		F3876E292DD12C81009D8464 /* Release */ = {
			isa = XCBuildConfiguration;
			buildSettings = {
				BUNDLE_LOADER = "$(TEST_HOST)";
				CODE_SIGN_STYLE = Automatic;
				CURRENT_PROJECT_VERSION = 1;
				DEVELOPMENT_TEAM = 6R36RAZ3HP;
				GENERATE_INFOPLIST_FILE = YES;
				IPHONEOS_DEPLOYMENT_TARGET = 18.4;
				MARKETING_VERSION = 1.0;
				PRODUCT_BUNDLE_IDENTIFIER = moe.karashiiro.ShimmerVRCTests;
				PRODUCT_NAME = "$(TARGET_NAME)";
				SWIFT_EMIT_LOC_STRINGS = NO;
				SWIFT_VERSION = 5.0;
				TARGETED_DEVICE_FAMILY = "1,2";
				TEST_HOST = "$(BUILT_PRODUCTS_DIR)/ShimmerVRC.app/$(BUNDLE_EXECUTABLE_FOLDER_PATH)/ShimmerVRC";
			};
			name = Release;
		};
		F3876E2B2DD12C81009D8464 /* Debug */ = {
			isa = XCBuildConfiguration;
			buildSettings = {
				CODE_SIGN_STYLE = Automatic;
				CURRENT_PROJECT_VERSION = 1;
				DEVELOPMENT_TEAM = 6R36RAZ3HP;
				GENERATE_INFOPLIST_FILE = YES;
				MARKETING_VERSION = 1.0;
				PRODUCT_BUNDLE_IDENTIFIER = moe.karashiiro.ShimmerVRCUITests;
				PRODUCT_NAME = "$(TARGET_NAME)";
				SWIFT_EMIT_LOC_STRINGS = NO;
				SWIFT_VERSION = 5.0;
				TARGETED_DEVICE_FAMILY = "1,2";
				TEST_TARGET_NAME = ShimmerVRC;
			};
			name = Debug;
		};
		F3876E2C2DD12C81009D8464 /* Release */ = {
			isa = XCBuildConfiguration;
			buildSettings = {
				CODE_SIGN_STYLE = Automatic;
				CURRENT_PROJECT_VERSION = 1;
				DEVELOPMENT_TEAM = 6R36RAZ3HP;
				GENERATE_INFOPLIST_FILE = YES;
				MARKETING_VERSION = 1.0;
				PRODUCT_BUNDLE_IDENTIFIER = moe.karashiiro.ShimmerVRCUITests;
				PRODUCT_NAME = "$(TARGET_NAME)";
				SWIFT_EMIT_LOC_STRINGS = NO;
				SWIFT_VERSION = 5.0;
				TARGETED_DEVICE_FAMILY = "1,2";
				TEST_TARGET_NAME = ShimmerVRC;
			};
			name = Release;
		};
		F3876E982DD1B375009D8464 /* Debug */ = {
			isa = XCBuildConfiguration;
			buildSettings = {
				ASSETCATALOG_COMPILER_APPICON_NAME = AppIcon;
				ASSETCATALOG_COMPILER_GLOBAL_ACCENT_COLOR_NAME = AccentColor;
				CODE_SIGN_ENTITLEMENTS = "ShimmerVRCWatch Watch App/ShimmerVRCWatch Watch App.entitlements";
				CODE_SIGN_STYLE = Automatic;
				CURRENT_PROJECT_VERSION = 1;
				DEVELOPMENT_TEAM = 6R36RAZ3HP;
				ENABLE_PREVIEWS = YES;
				GENERATE_INFOPLIST_FILE = YES;
				INFOPLIST_FILE = "ShimmerVRCWatch-Watch-App-Info.plist";
				INFOPLIST_KEY_CFBundleDisplayName = ShimmerVRCWatch;
				INFOPLIST_KEY_NSHealthShareUsageDescription = "Allow sharing workout and heart rate data.";
				INFOPLIST_KEY_NSHealthUpdateUsageDescription = "Allow saving workouts and heart data.";
				INFOPLIST_KEY_UISupportedInterfaceOrientations = "UIInterfaceOrientationPortrait UIInterfaceOrientationPortraitUpsideDown";
				INFOPLIST_KEY_WKCompanionAppBundleIdentifier = moe.karashiiro.ShimmerVRC;
				LD_RUNPATH_SEARCH_PATHS = (
					"$(inherited)",
					"@executable_path/Frameworks",
				);
				MARKETING_VERSION = 1.0;
				PRODUCT_BUNDLE_IDENTIFIER = moe.karashiiro.ShimmerVRC.watchkitapp;
				PRODUCT_NAME = "$(TARGET_NAME)";
				SDKROOT = watchos;
				SKIP_INSTALL = YES;
				SWIFT_EMIT_LOC_STRINGS = YES;
				SWIFT_VERSION = 5.0;
				TARGETED_DEVICE_FAMILY = 4;
				WATCHOS_DEPLOYMENT_TARGET = 11.4;
			};
			name = Debug;
		};
		F3876E992DD1B375009D8464 /* Release */ = {
			isa = XCBuildConfiguration;
			buildSettings = {
				ASSETCATALOG_COMPILER_APPICON_NAME = AppIcon;
				ASSETCATALOG_COMPILER_GLOBAL_ACCENT_COLOR_NAME = AccentColor;
				CODE_SIGN_ENTITLEMENTS = "ShimmerVRCWatch Watch App/ShimmerVRCWatch Watch App.entitlements";
				CODE_SIGN_STYLE = Automatic;
				CURRENT_PROJECT_VERSION = 1;
				DEVELOPMENT_TEAM = 6R36RAZ3HP;
				ENABLE_PREVIEWS = YES;
				GENERATE_INFOPLIST_FILE = YES;
				INFOPLIST_FILE = "ShimmerVRCWatch-Watch-App-Info.plist";
				INFOPLIST_KEY_CFBundleDisplayName = ShimmerVRCWatch;
				INFOPLIST_KEY_NSHealthShareUsageDescription = "Allow sharing workout and heart rate data.";
				INFOPLIST_KEY_NSHealthUpdateUsageDescription = "Allow saving workouts and heart data.";
				INFOPLIST_KEY_UISupportedInterfaceOrientations = "UIInterfaceOrientationPortrait UIInterfaceOrientationPortraitUpsideDown";
				INFOPLIST_KEY_WKCompanionAppBundleIdentifier = moe.karashiiro.ShimmerVRC;
				LD_RUNPATH_SEARCH_PATHS = (
					"$(inherited)",
					"@executable_path/Frameworks",
				);
				MARKETING_VERSION = 1.0;
				PRODUCT_BUNDLE_IDENTIFIER = moe.karashiiro.ShimmerVRC.watchkitapp;
				PRODUCT_NAME = "$(TARGET_NAME)";
				SDKROOT = watchos;
				SKIP_INSTALL = YES;
				SWIFT_EMIT_LOC_STRINGS = YES;
				SWIFT_VERSION = 5.0;
				TARGETED_DEVICE_FAMILY = 4;
				WATCHOS_DEPLOYMENT_TARGET = 11.4;
			};
			name = Release;
		};
		F3876E9C2DD1B375009D8464 /* Debug */ = {
			isa = XCBuildConfiguration;
			buildSettings = {
				BUNDLE_LOADER = "$(TEST_HOST)";
				CODE_SIGN_STYLE = Automatic;
				CURRENT_PROJECT_VERSION = 1;
				DEVELOPMENT_TEAM = 6R36RAZ3HP;
				GENERATE_INFOPLIST_FILE = YES;
				MARKETING_VERSION = 1.0;
				PRODUCT_BUNDLE_IDENTIFIER = "moe.karashiiro.ShimmerVRCWatch-Watch-AppTests";
				PRODUCT_NAME = "$(TARGET_NAME)";
				SDKROOT = watchos;
				SWIFT_EMIT_LOC_STRINGS = NO;
				SWIFT_VERSION = 5.0;
				TARGETED_DEVICE_FAMILY = 4;
				TEST_HOST = "$(BUILT_PRODUCTS_DIR)/ShimmerVRCWatch Watch App.app/$(BUNDLE_EXECUTABLE_FOLDER_PATH)/ShimmerVRCWatch Watch App";
				WATCHOS_DEPLOYMENT_TARGET = 11.4;
			};
			name = Debug;
		};
		F3876E9D2DD1B375009D8464 /* Release */ = {
			isa = XCBuildConfiguration;
			buildSettings = {
				BUNDLE_LOADER = "$(TEST_HOST)";
				CODE_SIGN_STYLE = Automatic;
				CURRENT_PROJECT_VERSION = 1;
				DEVELOPMENT_TEAM = 6R36RAZ3HP;
				GENERATE_INFOPLIST_FILE = YES;
				MARKETING_VERSION = 1.0;
				PRODUCT_BUNDLE_IDENTIFIER = "moe.karashiiro.ShimmerVRCWatch-Watch-AppTests";
				PRODUCT_NAME = "$(TARGET_NAME)";
				SDKROOT = watchos;
				SWIFT_EMIT_LOC_STRINGS = NO;
				SWIFT_VERSION = 5.0;
				TARGETED_DEVICE_FAMILY = 4;
				TEST_HOST = "$(BUILT_PRODUCTS_DIR)/ShimmerVRCWatch Watch App.app/$(BUNDLE_EXECUTABLE_FOLDER_PATH)/ShimmerVRCWatch Watch App";
				WATCHOS_DEPLOYMENT_TARGET = 11.4;
			};
			name = Release;
		};
		F3876E9F2DD1B375009D8464 /* Debug */ = {
			isa = XCBuildConfiguration;
			buildSettings = {
				CODE_SIGN_STYLE = Automatic;
				CURRENT_PROJECT_VERSION = 1;
				DEVELOPMENT_TEAM = 6R36RAZ3HP;
				GENERATE_INFOPLIST_FILE = YES;
				MARKETING_VERSION = 1.0;
				PRODUCT_BUNDLE_IDENTIFIER = "moe.karashiiro.ShimmerVRCWatch-Watch-AppUITests";
				PRODUCT_NAME = "$(TARGET_NAME)";
				SDKROOT = watchos;
				SWIFT_EMIT_LOC_STRINGS = NO;
				SWIFT_VERSION = 5.0;
				TARGETED_DEVICE_FAMILY = 4;
				TEST_TARGET_NAME = "ShimmerVRCWatch Watch App";
				WATCHOS_DEPLOYMENT_TARGET = 11.4;
			};
			name = Debug;
		};
		F3876EA02DD1B375009D8464 /* Release */ = {
			isa = XCBuildConfiguration;
			buildSettings = {
				CODE_SIGN_STYLE = Automatic;
				CURRENT_PROJECT_VERSION = 1;
				DEVELOPMENT_TEAM = 6R36RAZ3HP;
				GENERATE_INFOPLIST_FILE = YES;
				MARKETING_VERSION = 1.0;
				PRODUCT_BUNDLE_IDENTIFIER = "moe.karashiiro.ShimmerVRCWatch-Watch-AppUITests";
				PRODUCT_NAME = "$(TARGET_NAME)";
				SDKROOT = watchos;
				SWIFT_EMIT_LOC_STRINGS = NO;
				SWIFT_VERSION = 5.0;
				TARGETED_DEVICE_FAMILY = 4;
				TEST_TARGET_NAME = "ShimmerVRCWatch Watch App";
				WATCHOS_DEPLOYMENT_TARGET = 11.4;
			};
			name = Release;
		};
/* End XCBuildConfiguration section */

/* Begin XCConfigurationList section */
		F3876DFE2DD12C7F009D8464 /* Build configuration list for PBXProject "ShimmerVRC" */ = {
			isa = XCConfigurationList;
			buildConfigurations = (
				F3876E222DD12C81009D8464 /* Debug */,
				F3876E232DD12C81009D8464 /* Release */,
			);
			defaultConfigurationIsVisible = 0;
			defaultConfigurationName = Release;
		};
		F3876E242DD12C81009D8464 /* Build configuration list for PBXNativeTarget "ShimmerVRC" */ = {
			isa = XCConfigurationList;
			buildConfigurations = (
				F3876E252DD12C81009D8464 /* Debug */,
				F3876E262DD12C81009D8464 /* Release */,
			);
			defaultConfigurationIsVisible = 0;
			defaultConfigurationName = Release;
		};
		F3876E272DD12C81009D8464 /* Build configuration list for PBXNativeTarget "ShimmerVRCTests" */ = {
			isa = XCConfigurationList;
			buildConfigurations = (
				F3876E282DD12C81009D8464 /* Debug */,
				F3876E292DD12C81009D8464 /* Release */,
			);
			defaultConfigurationIsVisible = 0;
			defaultConfigurationName = Release;
		};
		F3876E2A2DD12C81009D8464 /* Build configuration list for PBXNativeTarget "ShimmerVRCUITests" */ = {
			isa = XCConfigurationList;
			buildConfigurations = (
				F3876E2B2DD12C81009D8464 /* Debug */,
				F3876E2C2DD12C81009D8464 /* Release */,
			);
			defaultConfigurationIsVisible = 0;
			defaultConfigurationName = Release;
		};
		F3876E972DD1B375009D8464 /* Build configuration list for PBXNativeTarget "ShimmerVRCWatch Watch App" */ = {
			isa = XCConfigurationList;
			buildConfigurations = (
				F3876E982DD1B375009D8464 /* Debug */,
				F3876E992DD1B375009D8464 /* Release */,
			);
			defaultConfigurationIsVisible = 0;
			defaultConfigurationName = Release;
		};
		F3876E9B2DD1B375009D8464 /* Build configuration list for PBXNativeTarget "ShimmerVRCWatch Watch AppTests" */ = {
			isa = XCConfigurationList;
			buildConfigurations = (
				F3876E9C2DD1B375009D8464 /* Debug */,
				F3876E9D2DD1B375009D8464 /* Release */,
			);
			defaultConfigurationIsVisible = 0;
			defaultConfigurationName = Release;
		};
		F3876E9E2DD1B375009D8464 /* Build configuration list for PBXNativeTarget "ShimmerVRCWatch Watch AppUITests" */ = {
			isa = XCConfigurationList;
			buildConfigurations = (
				F3876E9F2DD1B375009D8464 /* Debug */,
				F3876EA02DD1B375009D8464 /* Release */,
			);
			defaultConfigurationIsVisible = 0;
			defaultConfigurationName = Release;
		};
/* End XCConfigurationList section */

/* Begin XCRemoteSwiftPackageReference section */
		F3876E552DD19DC5009D8464 /* XCRemoteSwiftPackageReference "OSCKit" */ = {
			isa = XCRemoteSwiftPackageReference;
			repositoryURL = "https://github.com/orchetect/OSCKit";
			requirement = {
				kind = upToNextMajorVersion;
				minimumVersion = 1.2.1;
			};
		};
/* End XCRemoteSwiftPackageReference section */

/* Begin XCSwiftPackageProductDependency section */
		F3876E562DD19DC5009D8464 /* OSCKit */ = {
			isa = XCSwiftPackageProductDependency;
			package = F3876E552DD19DC5009D8464 /* XCRemoteSwiftPackageReference "OSCKit" */;
			productName = OSCKit;
		};
		F3876E582DD19DC5009D8464 /* OSCKitCore */ = {
			isa = XCSwiftPackageProductDependency;
			package = F3876E552DD19DC5009D8464 /* XCRemoteSwiftPackageReference "OSCKit" */;
			productName = OSCKitCore;
		};
/* End XCSwiftPackageProductDependency section */
	};
	rootObject = F3876DFB2DD12C7F009D8464 /* Project object */;
}
