// !$*UTF8*$!
{
	archiveVersion = 1;
	classes = {
	};
	objectVersion = 77;
	objects = {

/* Begin PBXContainerItemProxy section */
		F3876E112DD12C81009D8464 /* PBXContainerItemProxy */ = {
			isa = PBXContainerItemProxy;
			containerPortal = F3876DFB2DD12C7F009D8464 /* Project object */;
			proxyType = 1;
			remoteGlobalIDString = F3876E022DD12C7F009D8464;
			remoteInfo = ShimmerVRC;
		};
		F3876E1B2DD12C81009D8464 /* PBXContainerItemProxy */ = {
			isa = PBXContainerItemProxy;
			containerPortal = F3876DFB2DD12C7F009D8464 /* Project object */;
			proxyType = 1;
			remoteGlobalIDString = F3876E022DD12C7F009D8464;
			remoteInfo = ShimmerVRC;
		};
/* End PBXContainerItemProxy section */

/* Begin PBXFileReference section */
		F3876E032DD12C7F009D8464 /* ShimmerVRC.app */ = {isa = PBXFileReference; explicitFileType = wrapper.application; includeInIndex = 0; path = ShimmerVRC.app; sourceTree = BUILT_PRODUCTS_DIR; };
		F3876E102DD12C81009D8464 /* ShimmerVRCTests.xctest */ = {isa = PBXFileReference; explicitFileType = wrapper.cfbundle; includeInIndex = 0; path = ShimmerVRCTests.xctest; sourceTree = BUILT_PRODUCTS_DIR; };
		F3876E1A2DD12C81009D8464 /* ShimmerVRCUITests.xctest */ = {isa = PBXFileReference; explicitFileType = wrapper.cfbundle; includeInIndex = 0; path = ShimmerVRCUITests.xctest; sourceTree = BUILT_PRODUCTS_DIR; };
/* End PBXFileReference section */

/* Begin PBXFileSystemSynchronizedRootGroup section */
		F3876E052DD12C7F009D8464 /* ShimmerVRC */ = {
			isa = PBXFileSystemSynchronizedRootGroup;
			path = ShimmerVRC;
			sourceTree = "<group>";
		};
		F3876E132DD12C81009D8464 /* ShimmerVRCTests */ = {
			isa = PBXFileSystemSynchronizedRootGroup;
			path = ShimmerVRCTests;
			sourceTree = "<group>";
		};
		F3876E1D2DD12C81009D8464 /* ShimmerVRCUITests */ = {
			isa = PBXFileSystemSynchronizedRootGroup;
			path = ShimmerVRCUITests;
			sourceTree = "<group>";
		};
/* End PBXFileSystemSynchronizedRootGroup section */

/* Begin PBXFrameworksBuildPhase section */
		F3876E002DD12C7F009D8464 /* Frameworks */ = {
			isa = PBXFrameworksBuildPhase;
			buildActionMask = 2147483647;
			files = (
			);
			runOnlyForDeploymentPostprocessing = 0;
		};
		F3876E0D2DD12C81009D8464 /* Frameworks */ = {
			isa = PBXFrameworksBuildPhase;
			buildActionMask = 2147483647;
			files = (
			);
			runOnlyForDeploymentPostprocessing = 0;
		};
		F3876E172DD12C81009D8464 /* Frameworks */ = {
			isa = PBXFrameworksBuildPhase;
			buildActionMask = 2147483647;
			files = (
			);
			runOnlyForDeploymentPostprocessing = 0;
		};
/* End PBXFrameworksBuildPhase section */

/* Begin PBXGroup section */
		F3876DFA2DD12C7F009D8464 = {
			isa = PBXGroup;
			children = (
				F3876E052DD12C7F009D8464 /* ShimmerVRC */,
				F3876E132DD12C81009D8464 /* ShimmerVRCTests */,
				F3876E1D2DD12C81009D8464 /* ShimmerVRCUITests */,
				F3876E042DD12C7F009D8464 /* Products */,
			);
			sourceTree = "<group>";
		};
		F3876E042DD12C7F009D8464 /* Products */ = {
			isa = PBXGroup;
			children = (
				F3876E032DD12C7F009D8464 /* ShimmerVRC.app */,
				F3876E102DD12C81009D8464 /* ShimmerVRCTests.xctest */,
				F3876E1A2DD12C81009D8464 /* ShimmerVRCUITests.xctest */,
			);
			name = Products;
			sourceTree = "<group>";
		};
/* End PBXGroup section */

/* Begin PBXNativeTarget section */
		F3876E022DD12C7F009D8464 /* ShimmerVRC */ = {
			isa = PBXNativeTarget;
			buildConfigurationList = F3876E242DD12C81009D8464 /* Build configuration list for PBXNativeTarget "ShimmerVRC" */;
			buildPhases = (
				F3876DFF2DD12C7F009D8464 /* Sources */,
				F3876E002DD12C7F009D8464 /* Frameworks */,
				F3876E012DD12C7F009D8464 /* Resources */,
			);
			buildRules = (
			);
			dependencies = (
			);
			fileSystemSynchronizedGroups = (
				F3876E052DD12C7F009D8464 /* ShimmerVRC */,
			);
			name = ShimmerVRC;
			packageProductDependencies = (
			);
			productName = ShimmerVRC;
			productReference = F3876E032DD12C7F009D8464 /* ShimmerVRC.app */;
			productType = "com.apple.product-type.application";
		};
		F3876E0F2DD12C81009D8464 /* ShimmerVRCTests */ = {
			isa = PBXNativeTarget;
			buildConfigurationList = F3876E272DD12C81009D8464 /* Build configuration list for PBXNativeTarget "ShimmerVRCTests" */;
			buildPhases = (
				F3876E0C2DD12C81009D8464 /* Sources */,
				F3876E0D2DD12C81009D8464 /* Frameworks */,
				F3876E0E2DD12C81009D8464 /* Resources */,
			);
			buildRules = (
			);
			dependencies = (
				F3876E122DD12C81009D8464 /* PBXTargetDependency */,
			);
			fileSystemSynchronizedGroups = (
				F3876E132DD12C81009D8464 /* ShimmerVRCTests */,
			);
			name = ShimmerVRCTests;
			packageProductDependencies = (
			);
			productName = ShimmerVRCTests;
			productReference = F3876E102DD12C81009D8464 /* ShimmerVRCTests.xctest */;
			productType = "com.apple.product-type.bundle.unit-test";
		};
		F3876E192DD12C81009D8464 /* ShimmerVRCUITests */ = {
			isa = PBXNativeTarget;
			buildConfigurationList = F3876E2A2DD12C81009D8464 /* Build configuration list for PBXNativeTarget "ShimmerVRCUITests" */;
			buildPhases = (
				F3876E162DD12C81009D8464 /* Sources */,
				F3876E172DD12C81009D8464 /* Frameworks */,
				F3876E182DD12C81009D8464 /* Resources */,
			);
			buildRules = (
			);
			dependencies = (
				F3876E1C2DD12C81009D8464 /* PBXTargetDependency */,
			);
			fileSystemSynchronizedGroups = (
				F3876E1D2DD12C81009D8464 /* ShimmerVRCUITests */,
			);
			name = ShimmerVRCUITests;
			packageProductDependencies = (
			);
			productName = ShimmerVRCUITests;
			productReference = F3876E1A2DD12C81009D8464 /* ShimmerVRCUITests.xctest */;
			productType = "com.apple.product-type.bundle.ui-testing";
		};
/* End PBXNativeTarget section */

/* Begin PBXProject section */
		F3876DFB2DD12C7F009D8464 /* Project object */ = {
			isa = PBXProject;
			attributes = {
				BuildIndependentTargetsInParallel = 1;
				LastSwiftUpdateCheck = 1630;
				LastUpgradeCheck = 1630;
				TargetAttributes = {
					F3876E022DD12C7F009D8464 = {
						CreatedOnToolsVersion = 16.3;
					};
					F3876E0F2DD12C81009D8464 = {
						CreatedOnToolsVersion = 16.3;
						TestTargetID = F3876E022DD12C7F009D8464;
					};
					F3876E192DD12C81009D8464 = {
						CreatedOnToolsVersion = 16.3;
						TestTargetID = F3876E022DD12C7F009D8464;
					};
				};
			};
			buildConfigurationList = F3876DFE2DD12C7F009D8464 /* Build configuration list for PBXProject "ShimmerVRC" */;
			developmentRegion = en;
			hasScannedForEncodings = 0;
			knownRegions = (
				en,
				Base,
			);
			mainGroup = F3876DFA2DD12C7F009D8464;
			minimizedProjectReferenceProxies = 1;
			preferredProjectObjectVersion = 77;
			productRefGroup = F3876E042DD12C7F009D8464 /* Products */;
			projectDirPath = "";
			projectRoot = "";
			targets = (
				F3876E022DD12C7F009D8464 /* ShimmerVRC */,
				F3876E0F2DD12C81009D8464 /* ShimmerVRCTests */,
				F3876E192DD12C81009D8464 /* ShimmerVRCUITests */,
			);
		};
/* End PBXProject section */

/* Begin PBXResourcesBuildPhase section */
		F3876E012DD12C7F009D8464 /* Resources */ = {
			isa = PBXResourcesBuildPhase;
			buildActionMask = 2147483647;
			files = (
			);
			runOnlyForDeploymentPostprocessing = 0;
		};
		F3876E0E2DD12C81009D8464 /* Resources */ = {
			isa = PBXResourcesBuildPhase;
			buildActionMask = 2147483647;
			files = (
			);
			runOnlyForDeploymentPostprocessing = 0;
		};
		F3876E182DD12C81009D8464 /* Resources */ = {
			isa = PBXResourcesBuildPhase;
			buildActionMask = 2147483647;
			files = (
			);
			runOnlyForDeploymentPostprocessing = 0;
		};
/* End PBXResourcesBuildPhase section */

/* Begin PBXSourcesBuildPhase section */
		F3876DFF2DD12C7F009D8464 /* Sources */ = {
			isa = PBXSourcesBuildPhase;
			buildActionMask = 2147483647;
			files = (
			);
			runOnlyForDeploymentPostprocessing = 0;
		};
		F3876E0C2DD12C81009D8464 /* Sources */ = {
			isa = PBXSourcesBuildPhase;
			buildActionMask = 2147483647;
			files = (
			);
			runOnlyForDeploymentPostprocessing = 0;
		};
		F3876E162DD12C81009D8464 /* Sources */ = {
			isa = PBXSourcesBuildPhase;
			buildActionMask = 2147483647;
			files = (
			);
			runOnlyForDeploymentPostprocessing = 0;
		};
/* End PBXSourcesBuildPhase section */

/* Begin PBXTargetDependency section */
		F3876E122DD12C81009D8464 /* PBXTargetDependency */ = {
			isa = PBXTargetDependency;
			target = F3876E022DD12C7F009D8464 /* ShimmerVRC */;
			targetProxy = F3876E112DD12C81009D8464 /* PBXContainerItemProxy */;
		};
		F3876E1C2DD12C81009D8464 /* PBXTargetDependency */ = {
			isa = PBXTargetDependency;
			target = F3876E022DD12C7F009D8464 /* ShimmerVRC */;
			targetProxy = F3876E1B2DD12C81009D8464 /* PBXContainerItemProxy */;
		};
/* End PBXTargetDependency section */

/* Begin XCBuildConfiguration section */
		F3876E222DD12C81009D8464 /* Debug */ = {
			isa = XCBuildConfiguration;
			buildSettings = {
				ALWAYS_SEARCH_USER_PATHS = NO;
				ASSETCATALOG_COMPILER_GENERATE_SWIFT_ASSET_SYMBOL_EXTENSIONS = YES;
				CLANG_ANALYZER_NONNULL = YES;
				CLANG_ANALYZER_NUMBER_OBJECT_CONVERSION = YES_AGGRESSIVE;
				CLANG_CXX_LANGUAGE_STANDARD = "gnu++20";
				CLANG_ENABLE_MODULES = YES;
				CLANG_ENABLE_OBJC_ARC = YES;
				CLANG_ENABLE_OBJC_WEAK = YES;
				CLANG_WARN_BLOCK_CAPTURE_AUTORELEASING = YES;
				CLANG_WARN_BOOL_CONVERSION = YES;
				CLANG_WARN_COMMA = YES;
				CLANG_WARN_CONSTANT_CONVERSION = YES;
				CLANG_WARN_DEPRECATED_OBJC_IMPLEMENTATIONS = YES;
				CLANG_WARN_DIRECT_OBJC_ISA_USAGE = YES_ERROR;
				CLANG_WARN_DOCUMENTATION_COMMENTS = YES;
				CLANG_WARN_EMPTY_BODY = YES;
				CLANG_WARN_ENUM_CONVERSION = YES;
				CLANG_WARN_INFINITE_RECURSION = YES;
				CLANG_WARN_INT_CONVERSION = YES;
				CLANG_WARN_NON_LITERAL_NULL_CONVERSION = YES;
				CLANG_WARN_OBJC_IMPLICIT_RETAIN_SELF = YES;
				CLANG_WARN_OBJC_LITERAL_CONVERSION = YES;
				CLANG_WARN_OBJC_ROOT_CLASS = YES_ERROR;
				CLANG_WARN_QUOTED_INCLUDE_IN_FRAMEWORK_HEADER = YES;
				CLANG_WARN_RANGE_LOOP_ANALYSIS = YES;
				CLANG_WARN_STRICT_PROTOTYPES = YES;
				CLANG_WARN_SUSPICIOUS_MOVE = YES;
				CLANG_WARN_UNGUARDED_AVAILABILITY = YES_AGGRESSIVE;
				CLANG_WARN_UNREACHABLE_CODE = YES;
				CLANG_WARN__DUPLICATE_METHOD_MATCH = YES;
				COPY_PHASE_STRIP = NO;
				DEBUG_INFORMATION_FORMAT = dwarf;
				ENABLE_STRICT_OBJC_MSGSEND = YES;
				ENABLE_TESTABILITY = YES;
				ENABLE_USER_SCRIPT_SANDBOXING = YES;
				GCC_C_LANGUAGE_STANDARD = gnu17;
				GCC_DYNAMIC_NO_PIC = NO;
				GCC_NO_COMMON_BLOCKS = YES;
				GCC_OPTIMIZATION_LEVEL = 0;
				GCC_PREPROCESSOR_DEFINITIONS = (
					"DEBUG=1",
					"$(inherited)",
				);
				GCC_WARN_64_TO_32_BIT_CONVERSION = YES;
				GCC_WARN_ABOUT_RETURN_TYPE = YES_ERROR;
				GCC_WARN_UNDECLARED_SELECTOR = YES;
				GCC_WARN_UNINITIALIZED_AUTOS = YES_AGGRESSIVE;
				GCC_WARN_UNUSED_FUNCTION = YES;
				GCC_WARN_UNUSED_VARIABLE = YES;
				IPHONEOS_DEPLOYMENT_TARGET = 18.4;
				LOCALIZATION_PREFERS_STRING_CATALOGS = YES;
				MTL_ENABLE_DEBUG_INFO = INCLUDE_SOURCE;
				MTL_FAST_MATH = YES;
				ONLY_ACTIVE_ARCH = YES;
				SDKROOT = iphoneos;
				SWIFT_ACTIVE_COMPILATION_CONDITIONS = "DEBUG $(inherited)";
				SWIFT_OPTIMIZATION_LEVEL = "-Onone";
			};
			name = Debug;
		};
		F3876E232DD12C81009D8464 /* Release */ = {
			isa = XCBuildConfiguration;
			buildSettings = {
				ALWAYS_SEARCH_USER_PATHS = NO;
				ASSETCATALOG_COMPILER_GENERATE_SWIFT_ASSET_SYMBOL_EXTENSIONS = YES;
				CLANG_ANALYZER_NONNULL = YES;
				CLANG_ANALYZER_NUMBER_OBJECT_CONVERSION = YES_AGGRESSIVE;
				CLANG_CXX_LANGUAGE_STANDARD = "gnu++20";
				CLANG_ENABLE_MODULES = YES;
				CLANG_ENABLE_OBJC_ARC = YES;
				CLANG_ENABLE_OBJC_WEAK = YES;
				CLANG_WARN_BLOCK_CAPTURE_AUTORELEASING = YES;
				CLANG_WARN_BOOL_CONVERSION = YES;
				CLANG_WARN_COMMA = YES;
				CLANG_WARN_CONSTANT_CONVERSION = YES;
				CLANG_WARN_DEPRECATED_OBJC_IMPLEMENTATIONS = YES;
				CLANG_WARN_DIRECT_OBJC_ISA_USAGE = YES_ERROR;
				CLANG_WARN_DOCUMENTATION_COMMENTS = YES;
				CLANG_WARN_EMPTY_BODY = YES;
				CLANG_WARN_ENUM_CONVERSION = YES;
				CLANG_WARN_INFINITE_RECURSION = YES;
				CLANG_WARN_INT_CONVERSION = YES;
				CLANG_WARN_NON_LITERAL_NULL_CONVERSION = YES;
				CLANG_WARN_OBJC_IMPLICIT_RETAIN_SELF = YES;
				CLANG_WARN_OBJC_LITERAL_CONVERSION = YES;
				CLANG_WARN_OBJC_ROOT_CLASS = YES_ERROR;
				CLANG_WARN_QUOTED_INCLUDE_IN_FRAMEWORK_HEADER = YES;
				CLANG_WARN_RANGE_LOOP_ANALYSIS = YES;
				CLANG_WARN_STRICT_PROTOTYPES = YES;
				CLANG_WARN_SUSPICIOUS_MOVE = YES;
				CLANG_WARN_UNGUARDED_AVAILABILITY = YES_AGGRESSIVE;
				CLANG_WARN_UNREACHABLE_CODE = YES;
				CLANG_WARN__DUPLICATE_METHOD_MATCH = YES;
				COPY_PHASE_STRIP = NO;
				DEBUG_INFORMATION_FORMAT = "dwarf-with-dsym";
				ENABLE_NS_ASSERTIONS = NO;
				ENABLE_STRICT_OBJC_MSGSEND = YES;
				ENABLE_USER_SCRIPT_SANDBOXING = YES;
				GCC_C_LANGUAGE_STANDARD = gnu17;
				GCC_NO_COMMON_BLOCKS = YES;
				GCC_WARN_64_TO_32_BIT_CONVERSION = YES;
				GCC_WARN_ABOUT_RETURN_TYPE = YES_ERROR;
				GCC_WARN_UNDECLARED_SELECTOR = YES;
				GCC_WARN_UNINITIALIZED_AUTOS = YES_AGGRESSIVE;
				GCC_WARN_UNUSED_FUNCTION = YES;
				GCC_WARN_UNUSED_VARIABLE = YES;
				IPHONEOS_DEPLOYMENT_TARGET = 18.4;
				LOCALIZATION_PREFERS_STRING_CATALOGS = YES;
				MTL_ENABLE_DEBUG_INFO = NO;
				MTL_FAST_MATH = YES;
				SDKROOT = iphoneos;
				SWIFT_COMPILATION_MODE = wholemodule;
				VALIDATE_PRODUCT = YES;
			};
			name = Release;
		};
		F3876E252DD12C81009D8464 /* Debug */ = {
			isa = XCBuildConfiguration;
			buildSettings = {
				ASSETCATALOG_COMPILER_APPICON_NAME = AppIcon;
				ASSETCATALOG_COMPILER_GLOBAL_ACCENT_COLOR_NAME = AccentColor;
				CODE_SIGN_STYLE = Automatic;
				CURRENT_PROJECT_VERSION = 1;
				ENABLE_PREVIEWS = YES;
				GENERATE_INFOPLIST_FILE = YES;
				INFOPLIST_KEY_UIApplicationSceneManifest_Generation = YES;
				INFOPLIST_KEY_UIApplicationSupportsIndirectInputEvents = YES;
				INFOPLIST_KEY_UILaunchScreen_Generation = YES;
				INFOPLIST_KEY_UISupportedInterfaceOrientations_iPad = "UIInterfaceOrientationPortrait UIInterfaceOrientationPortraitUpsideDown UIInterfaceOrientationLandscapeLeft UIInterfaceOrientationLandscapeRight";
				INFOPLIST_KEY_UISupportedInterfaceOrientations_iPhone = "UIInterfaceOrientationPortrait UIInterfaceOrientationLandscapeLeft UIInterfaceOrientationLandscapeRight";
				LD_RUNPATH_SEARCH_PATHS = (
					"$(inherited)",
					"@executable_path/Frameworks",
				);
				MARKETING_VERSION = 1.0;
				PRODUCT_BUNDLE_IDENTIFIER = moe.karashiiro.ShimmerVRC;
				PRODUCT_NAME = "$(TARGET_NAME)";
				SWIFT_EMIT_LOC_STRINGS = YES;
				SWIFT_VERSION = 5.0;
				TARGETED_DEVICE_FAMILY = "1,2";
			};
			name = Debug;
		};
		F3876E262DD12C81009D8464 /* Release */ = {
			isa = XCBuildConfiguration;
			buildSettings = {
				ASSETCATALOG_COMPILER_APPICON_NAME = AppIcon;
				ASSETCATALOG_COMPILER_GLOBAL_ACCENT_COLOR_NAME = AccentColor;
				CODE_SIGN_STYLE = Automatic;
				CURRENT_PROJECT_VERSION = 1;
				ENABLE_PREVIEWS = YES;
				GENERATE_INFOPLIST_FILE = YES;
				INFOPLIST_KEY_UIApplicationSceneManifest_Generation = YES;
				INFOPLIST_KEY_UIApplicationSupportsIndirectInputEvents = YES;
				INFOPLIST_KEY_UILaunchScreen_Generation = YES;
				INFOPLIST_KEY_UISupportedInterfaceOrientations_iPad = "UIInterfaceOrientationPortrait UIInterfaceOrientationPortraitUpsideDown UIInterfaceOrientationLandscapeLeft UIInterfaceOrientationLandscapeRight";
				INFOPLIST_KEY_UISupportedInterfaceOrientations_iPhone = "UIInterfaceOrientationPortrait UIInterfaceOrientationLandscapeLeft UIInterfaceOrientationLandscapeRight";
				LD_RUNPATH_SEARCH_PATHS = (
					"$(inherited)",
					"@executable_path/Frameworks",
				);
				MARKETING_VERSION = 1.0;
				PRODUCT_BUNDLE_IDENTIFIER = moe.karashiiro.ShimmerVRC;
				PRODUCT_NAME = "$(TARGET_NAME)";
				SWIFT_EMIT_LOC_STRINGS = YES;
				SWIFT_VERSION = 5.0;
				TARGETED_DEVICE_FAMILY = "1,2";
			};
			name = Release;
		};
		F3876E282DD12C81009D8464 /* Debug */ = {
			isa = XCBuildConfiguration;
			buildSettings = {
				BUNDLE_LOADER = "$(TEST_HOST)";
				CODE_SIGN_STYLE = Automatic;
				CURRENT_PROJECT_VERSION = 1;
				GENERATE_INFOPLIST_FILE = YES;
				IPHONEOS_DEPLOYMENT_TARGET = 18.4;
				MARKETING_VERSION = 1.0;
				PRODUCT_BUNDLE_IDENTIFIER = moe.karashiiro.ShimmerVRCTests;
				PRODUCT_NAME = "$(TARGET_NAME)";
				SWIFT_EMIT_LOC_STRINGS = NO;
				SWIFT_VERSION = 5.0;
				TARGETED_DEVICE_FAMILY = "1,2";
				TEST_HOST = "$(BUILT_PRODUCTS_DIR)/ShimmerVRC.app/$(BUNDLE_EXECUTABLE_FOLDER_PATH)/ShimmerVRC";
			};
			name = Debug;
		};
		F3876E292DD12C81009D8464 /* Release */ = {
			isa = XCBuildConfiguration;
			buildSettings = {
				BUNDLE_LOADER = "$(TEST_HOST)";
				CODE_SIGN_STYLE = Automatic;
				CURRENT_PROJECT_VERSION = 1;
				GENERATE_INFOPLIST_FILE = YES;
				IPHONEOS_DEPLOYMENT_TARGET = 18.4;
				MARKETING_VERSION = 1.0;
				PRODUCT_BUNDLE_IDENTIFIER = moe.karashiiro.ShimmerVRCTests;
				PRODUCT_NAME = "$(TARGET_NAME)";
				SWIFT_EMIT_LOC_STRINGS = NO;
				SWIFT_VERSION = 5.0;
				TARGETED_DEVICE_FAMILY = "1,2";
				TEST_HOST = "$(BUILT_PRODUCTS_DIR)/ShimmerVRC.app/$(BUNDLE_EXECUTABLE_FOLDER_PATH)/ShimmerVRC";
			};
			name = Release;
		};
		F3876E2B2DD12C81009D8464 /* Debug */ = {
			isa = XCBuildConfiguration;
			buildSettings = {
				CODE_SIGN_STYLE = Automatic;
				CURRENT_PROJECT_VERSION = 1;
				GENERATE_INFOPLIST_FILE = YES;
				MARKETING_VERSION = 1.0;
				PRODUCT_BUNDLE_IDENTIFIER = moe.karashiiro.ShimmerVRCUITests;
				PRODUCT_NAME = "$(TARGET_NAME)";
				SWIFT_EMIT_LOC_STRINGS = NO;
				SWIFT_VERSION = 5.0;
				TARGETED_DEVICE_FAMILY = "1,2";
				TEST_TARGET_NAME = ShimmerVRC;
			};
			name = Debug;
		};
		F3876E2C2DD12C81009D8464 /* Release */ = {
			isa = XCBuildConfiguration;
			buildSettings = {
				CODE_SIGN_STYLE = Automatic;
				CURRENT_PROJECT_VERSION = 1;
				GENERATE_INFOPLIST_FILE = YES;
				MARKETING_VERSION = 1.0;
				PRODUCT_BUNDLE_IDENTIFIER = moe.karashiiro.ShimmerVRCUITests;
				PRODUCT_NAME = "$(TARGET_NAME)";
				SWIFT_EMIT_LOC_STRINGS = NO;
				SWIFT_VERSION = 5.0;
				TARGETED_DEVICE_FAMILY = "1,2";
				TEST_TARGET_NAME = ShimmerVRC;
			};
			name = Release;
		};
/* End XCBuildConfiguration section */

/* Begin XCConfigurationList section */
		F3876DFE2DD12C7F009D8464 /* Build configuration list for PBXProject "ShimmerVRC" */ = {
			isa = XCConfigurationList;
			buildConfigurations = (
				F3876E222DD12C81009D8464 /* Debug */,
				F3876E232DD12C81009D8464 /* Release */,
			);
			defaultConfigurationIsVisible = 0;
			defaultConfigurationName = Release;
		};
		F3876E242DD12C81009D8464 /* Build configuration list for PBXNativeTarget "ShimmerVRC" */ = {
			isa = XCConfigurationList;
			buildConfigurations = (
				F3876E252DD12C81009D8464 /* Debug */,
				F3876E262DD12C81009D8464 /* Release */,
			);
			defaultConfigurationIsVisible = 0;
			defaultConfigurationName = Release;
		};
		F3876E272DD12C81009D8464 /* Build configuration list for PBXNativeTarget "ShimmerVRCTests" */ = {
			isa = XCConfigurationList;
			buildConfigurations = (
				F3876E282DD12C81009D8464 /* Debug */,
				F3876E292DD12C81009D8464 /* Release */,
			);
			defaultConfigurationIsVisible = 0;
			defaultConfigurationName = Release;
		};
		F3876E2A2DD12C81009D8464 /* Build configuration list for PBXNativeTarget "ShimmerVRCUITests" */ = {
			isa = XCConfigurationList;
			buildConfigurations = (
				F3876E2B2DD12C81009D8464 /* Debug */,
				F3876E2C2DD12C81009D8464 /* Release */,
			);
			defaultConfigurationIsVisible = 0;
			defaultConfigurationName = Release;
		};
/* End XCConfigurationList section */
	};
	rootObject = F3876DFB2DD12C7F009D8464 /* Project object */;
}
